<Solution>
  <Folder Name="/Task0/">
    <Project Path="Tyuiu.KozyrevaIV.Sprint1.Task0.V29.Lib/Tyuiu.KozyrevaIV.Sprint1.Task0.V29.Lib.csproj" />
    <Project Path="Tyuiu.KozyrevaIV.Sprint1.Task0.V29.Test/Tyuiu.KozyrevaIV.Sprint1.Task0.V29.Test.csproj" />
    <Project Path="Tyuiu.KozyrevaIV.Sprint1.Task0.V29/Tyuiu.KozyrevaIV.Sprint1.Task0.V29.csproj" />
  </Folder>
</Solution>
